
Microsoft Visual Studio Solution File, Format Version 12.00
# Visual Studio Version 16
VisualStudioVersion = 16.0.30114.105
MinimumVisualStudioVersion = 10.0.40219.1
Project("{FAE04EC0-301F-11D3-BF4B-00C04F79EFBC}") = "API", "API\API.csproj", "{C3E73F52-F2E8-4252-95A1-79405AECDCF2}"
EndProject
Project("{FAE04EC0-301F-11D3-BF4B-00C04F79EFBC}") = "Application", "Application\Application.csproj", "{2FC9E3A8-7702-458F-BE9F-53BE1E9EDA2C}"
EndProject
Project("{FAE04EC0-301F-11D3-BF4B-00C04F79EFBC}") = "Presistence", "Presistence\Presistence.csproj", "{BAB4B949-8911-4387-AA4B-1AF5300A1DA6}"
EndProject
Project("{FAE04EC0-301F-11D3-BF4B-00C04F79EFBC}") = "Domain", "Domain\Domain.csproj", "{8D395711-9925-4EDA-BF08-EF35BC37C81A}"
EndProject
Project("{FAE04EC0-301F-11D3-BF4B-00C04F79EFBC}") = "Infrastructure", "Infrastructure\Infrastructure.csproj", "{BB3571A7-2AE7-4FD5-A43B-510D91012A69}"
EndProject
Global
	GlobalSection(SolutionConfigurationPlatforms) = preSolution
		Debug|Any CPU = Debug|Any CPU
		Debug|x64 = Debug|x64
		Debug|x86 = Debug|x86
		Release|Any CPU = Release|Any CPU
		Release|x64 = Release|x64
		Release|x86 = Release|x86
	EndGlobalSection
	GlobalSection(SolutionProperties) = preSolution
		HideSolutionNode = FALSE
	EndGlobalSection
	GlobalSection(ProjectConfigurationPlatforms) = postSolution
		{C3E73F52-F2E8-4252-95A1-79405AECDCF2}.Debug|Any CPU.ActiveCfg = Debug|Any CPU
		{C3E73F52-F2E8-4252-95A1-79405AECDCF2}.Debug|Any CPU.Build.0 = Debug|Any CPU
		{C3E73F52-F2E8-4252-95A1-79405AECDCF2}.Debug|x64.ActiveCfg = Debug|Any CPU
		{C3E73F52-F2E8-4252-95A1-79405AECDCF2}.Debug|x64.Build.0 = Debug|Any CPU
		{C3E73F52-F2E8-4252-95A1-79405AECDCF2}.Debug|x86.ActiveCfg = Debug|Any CPU
		{C3E73F52-F2E8-4252-95A1-79405AECDCF2}.Debug|x86.Build.0 = Debug|Any CPU
		{C3E73F52-F2E8-4252-95A1-79405AECDCF2}.Release|Any CPU.ActiveCfg = Release|Any CPU
		{C3E73F52-F2E8-4252-95A1-79405AECDCF2}.Release|Any CPU.Build.0 = Release|Any CPU
		{C3E73F52-F2E8-4252-95A1-79405AECDCF2}.Release|x64.ActiveCfg = Release|Any CPU
		{C3E73F52-F2E8-4252-95A1-79405AECDCF2}.Release|x64.Build.0 = Release|Any CPU
		{C3E73F52-F2E8-4252-95A1-79405AECDCF2}.Release|x86.ActiveCfg = Release|Any CPU
		{C3E73F52-F2E8-4252-95A1-79405AECDCF2}.Release|x86.Build.0 = Release|Any CPU
		{2FC9E3A8-7702-458F-BE9F-53BE1E9EDA2C}.Debug|Any CPU.ActiveCfg = Debug|Any CPU
		{2FC9E3A8-7702-458F-BE9F-53BE1E9EDA2C}.Debug|Any CPU.Build.0 = Debug|Any CPU
		{2FC9E3A8-7702-458F-BE9F-53BE1E9EDA2C}.Debug|x64.ActiveCfg = Debug|Any CPU
		{2FC9E3A8-7702-458F-BE9F-53BE1E9EDA2C}.Debug|x64.Build.0 = Debug|Any CPU
		{2FC9E3A8-7702-458F-BE9F-53BE1E9EDA2C}.Debug|x86.ActiveCfg = Debug|Any CPU
		{2FC9E3A8-7702-458F-BE9F-53BE1E9EDA2C}.Debug|x86.Build.0 = Debug|Any CPU
		{2FC9E3A8-7702-458F-BE9F-53BE1E9EDA2C}.Release|Any CPU.ActiveCfg = Release|Any CPU
		{2FC9E3A8-7702-458F-BE9F-53BE1E9EDA2C}.Release|Any CPU.Build.0 = Release|Any CPU
		{2FC9E3A8-7702-458F-BE9F-53BE1E9EDA2C}.Release|x64.ActiveCfg = Release|Any CPU
		{2FC9E3A8-7702-458F-BE9F-53BE1E9EDA2C}.Release|x64.Build.0 = Release|Any CPU
		{2FC9E3A8-7702-458F-BE9F-53BE1E9EDA2C}.Release|x86.ActiveCfg = Release|Any CPU
		{2FC9E3A8-7702-458F-BE9F-53BE1E9EDA2C}.Release|x86.Build.0 = Release|Any CPU
		{BAB4B949-8911-4387-AA4B-1AF5300A1DA6}.Debug|Any CPU.ActiveCfg = Debug|Any CPU
		{BAB4B949-8911-4387-AA4B-1AF5300A1DA6}.Debug|Any CPU.Build.0 = Debug|Any CPU
		{BAB4B949-8911-4387-AA4B-1AF5300A1DA6}.Debug|x64.ActiveCfg = Debug|Any CPU
		{BAB4B949-8911-4387-AA4B-1AF5300A1DA6}.Debug|x64.Build.0 = Debug|Any CPU
		{BAB4B949-8911-4387-AA4B-1AF5300A1DA6}.Debug|x86.ActiveCfg = Debug|Any CPU
		{BAB4B949-8911-4387-AA4B-1AF5300A1DA6}.Debug|x86.Build.0 = Debug|Any CPU
		{BAB4B949-8911-4387-AA4B-1AF5300A1DA6}.Release|Any CPU.ActiveCfg = Release|Any CPU
		{BAB4B949-8911-4387-AA4B-1AF5300A1DA6}.Release|Any CPU.Build.0 = Release|Any CPU
		{BAB4B949-8911-4387-AA4B-1AF5300A1DA6}.Release|x64.ActiveCfg = Release|Any CPU
		{BAB4B949-8911-4387-AA4B-1AF5300A1DA6}.Release|x64.Build.0 = Release|Any CPU
		{BAB4B949-8911-4387-AA4B-1AF5300A1DA6}.Release|x86.ActiveCfg = Release|Any CPU
		{BAB4B949-8911-4387-AA4B-1AF5300A1DA6}.Release|x86.Build.0 = Release|Any CPU
		{8D395711-9925-4EDA-BF08-EF35BC37C81A}.Debug|Any CPU.ActiveCfg = Debug|Any CPU
		{8D395711-9925-4EDA-BF08-EF35BC37C81A}.Debug|Any CPU.Build.0 = Debug|Any CPU
		{8D395711-9925-4EDA-BF08-EF35BC37C81A}.Debug|x64.ActiveCfg = Debug|Any CPU
		{8D395711-9925-4EDA-BF08-EF35BC37C81A}.Debug|x64.Build.0 = Debug|Any CPU
		{8D395711-9925-4EDA-BF08-EF35BC37C81A}.Debug|x86.ActiveCfg = Debug|Any CPU
		{8D395711-9925-4EDA-BF08-EF35BC37C81A}.Debug|x86.Build.0 = Debug|Any CPU
		{8D395711-9925-4EDA-BF08-EF35BC37C81A}.Release|Any CPU.ActiveCfg = Release|Any CPU
		{8D395711-9925-4EDA-BF08-EF35BC37C81A}.Release|Any CPU.Build.0 = Release|Any CPU
		{8D395711-9925-4EDA-BF08-EF35BC37C81A}.Release|x64.ActiveCfg = Release|Any CPU
		{8D395711-9925-4EDA-BF08-EF35BC37C81A}.Release|x64.Build.0 = Release|Any CPU
		{8D395711-9925-4EDA-BF08-EF35BC37C81A}.Release|x86.ActiveCfg = Release|Any CPU
		{8D395711-9925-4EDA-BF08-EF35BC37C81A}.Release|x86.Build.0 = Release|Any CPU
		{BB3571A7-2AE7-4FD5-A43B-510D91012A69}.Debug|Any CPU.ActiveCfg = Debug|Any CPU
		{BB3571A7-2AE7-4FD5-A43B-510D91012A69}.Debug|Any CPU.Build.0 = Debug|Any CPU
		{BB3571A7-2AE7-4FD5-A43B-510D91012A69}.Debug|x64.ActiveCfg = Debug|Any CPU
		{BB3571A7-2AE7-4FD5-A43B-510D91012A69}.Debug|x64.Build.0 = Debug|Any CPU
		{BB3571A7-2AE7-4FD5-A43B-510D91012A69}.Debug|x86.ActiveCfg = Debug|Any CPU
		{BB3571A7-2AE7-4FD5-A43B-510D91012A69}.Debug|x86.Build.0 = Debug|Any CPU
		{BB3571A7-2AE7-4FD5-A43B-510D91012A69}.Release|Any CPU.ActiveCfg = Release|Any CPU
		{BB3571A7-2AE7-4FD5-A43B-510D91012A69}.Release|Any CPU.Build.0 = Release|Any CPU
		{BB3571A7-2AE7-4FD5-A43B-510D91012A69}.Release|x64.ActiveCfg = Release|Any CPU
		{BB3571A7-2AE7-4FD5-A43B-510D91012A69}.Release|x64.Build.0 = Release|Any CPU
		{BB3571A7-2AE7-4FD5-A43B-510D91012A69}.Release|x86.ActiveCfg = Release|Any CPU
		{BB3571A7-2AE7-4FD5-A43B-510D91012A69}.Release|x86.Build.0 = Release|Any CPU
	EndGlobalSection
EndGlobal
